
Microsoft Visual Studio Solution File, Format Version 12.00
# Visual Studio Version 17
VisualStudioVersion = 17.6.33723.286
MinimumVisualStudioVersion = 10.0.40219.1
Project("{FAE04EC0-301F-11D3-BF4B-00C04F79EFBC}") = "Taotranon'ny Nosy", "Taotranon'ny Nosy.csproj", "{74CCDA34-08B4-4D6F-BA9D-3EE7A120C890}"
EndProject
Global
	GlobalSection(SolutionConfigurationPlatforms) = preSolution
		Debug|Any CPU = Debug|Any CPU
		Release|Any CPU = Release|Any CPU
	EndGlobalSection
	GlobalSection(ProjectConfigurationPlatforms) = postSolution
		{74CCDA34-08B4-4D6F-BA9D-3EE7A120C890}.Debug|Any CPU.ActiveCfg = Debug|Any CPU
		{74CCDA34-08B4-4D6F-BA9D-3EE7A120C890}.Debug|Any CPU.Build.0 = Debug|Any CPU
		{74CCDA34-08B4-4D6F-BA9D-3EE7A120C890}.Release|Any CPU.ActiveCfg = Release|Any CPU
		{74CCDA34-08B4-4D6F-BA9D-3EE7A120C890}.Release|Any CPU.Build.0 = Release|Any CPU
	EndGlobalSection
	GlobalSection(SolutionProperties) = preSolution
		HideSolutionNode = FALSE
	EndGlobalSection
	GlobalSection(ExtensibilityGlobals) = postSolution
		SolutionGuid = {110F27AD-C81A-4602-A778-1202943D46FD}
	EndGlobalSection
EndGlobal
